// !$*UTF8*$!
{
	archiveVersion = 1;
	classes = {
	};
	objectVersion = 48;
	objects = {

/* Begin PBXBuildFile section */
		167D9AE0205AD10A008BF0CF /* AppDelegate.swift in Sources */ = {isa = PBXBuildFile; fileRef = 167D9ADF205AD10A008BF0CF /* AppDelegate.swift */; };
		167D9AE2205AD10A008BF0CF /* MainViewController.swift in Sources */ = {isa = PBXBuildFile; fileRef = 167D9AE1205AD10A008BF0CF /* MainViewController.swift */; };
		167D9AE5205AD10A008BF0CF /* Main.storyboard in Resources */ = {isa = PBXBuildFile; fileRef = 167D9AE3205AD10A008BF0CF /* Main.storyboard */; };
		167D9AE7205AD10A008BF0CF /* Assets.xcassets in Resources */ = {isa = PBXBuildFile; fileRef = 167D9AE6205AD10A008BF0CF /* Assets.xcassets */; };
		167D9AEA205AD10A008BF0CF /* LaunchScreen.storyboard in Resources */ = {isa = PBXBuildFile; fileRef = 167D9AE8205AD10A008BF0CF /* LaunchScreen.storyboard */; };
		167D9AF7205AD53D008BF0CF /* Question.swift in Sources */ = {isa = PBXBuildFile; fileRef = 167D9AF6205AD53D008BF0CF /* Question.swift */; };
		167D9AF9205AD581008BF0CF /* QuestionChoice.swift in Sources */ = {isa = PBXBuildFile; fileRef = 167D9AF8205AD581008BF0CF /* QuestionChoice.swift */; };
		167D9AFB205AD820008BF0CF /* APIDAO.swift in Sources */ = {isa = PBXBuildFile; fileRef = 167D9AFA205AD820008BF0CF /* APIDAO.swift */; };
		167D9AFD205AD936008BF0CF /* QuestionsService.swift in Sources */ = {isa = PBXBuildFile; fileRef = 167D9AFC205AD936008BF0CF /* QuestionsService.swift */; };
		167D9B00205ADB0F008BF0CF /* QuestionProtocol.swift in Sources */ = {isa = PBXBuildFile; fileRef = 167D9AFF205ADB0F008BF0CF /* QuestionProtocol.swift */; };
		167D9B04205AE22B008BF0CF /* EstudoMVPProtocol.swift in Sources */ = {isa = PBXBuildFile; fileRef = 167D9B03205AE22B008BF0CF /* EstudoMVPProtocol.swift */; };
		167D9B06205AE25C008BF0CF /* MainViewPresenter.swift in Sources */ = {isa = PBXBuildFile; fileRef = 167D9B05205AE25C008BF0CF /* MainViewPresenter.swift */; };
		167D9B08205AE9A3008BF0CF /* MainTableViewCell.swift in Sources */ = {isa = PBXBuildFile; fileRef = 167D9B07205AE9A3008BF0CF /* MainTableViewCell.swift */; };
		167D9B0A205B0E39008BF0CF /* ExpandableTableViewCell.swift in Sources */ = {isa = PBXBuildFile; fileRef = 167D9B09205B0E39008BF0CF /* ExpandableTableViewCell.swift */; };
		167D9B0C205B29F8008BF0CF /* DetailViewController.swift in Sources */ = {isa = PBXBuildFile; fileRef = 167D9B0B205B29F8008BF0CF /* DetailViewController.swift */; };
/* End PBXBuildFile section */

/* Begin PBXFileReference section */
		167D9ADC205AD10A008BF0CF /* EstudoMVP.app */ = {isa = PBXFileReference; explicitFileType = wrapper.application; includeInIndex = 0; path = EstudoMVP.app; sourceTree = BUILT_PRODUCTS_DIR; };
		167D9ADF205AD10A008BF0CF /* AppDelegate.swift */ = {isa = PBXFileReference; lastKnownFileType = sourcecode.swift; path = AppDelegate.swift; sourceTree = "<group>"; };
		167D9AE1205AD10A008BF0CF /* MainViewController.swift */ = {isa = PBXFileReference; lastKnownFileType = sourcecode.swift; path = MainViewController.swift; sourceTree = "<group>"; };
		167D9AE4205AD10A008BF0CF /* Base */ = {isa = PBXFileReference; lastKnownFileType = file.storyboard; name = Base; path = Base.lproj/Main.storyboard; sourceTree = "<group>"; };
		167D9AE6205AD10A008BF0CF /* Assets.xcassets */ = {isa = PBXFileReference; lastKnownFileType = folder.assetcatalog; path = Assets.xcassets; sourceTree = "<group>"; };
		167D9AE9205AD10A008BF0CF /* Base */ = {isa = PBXFileReference; lastKnownFileType = file.storyboard; name = Base; path = Base.lproj/LaunchScreen.storyboard; sourceTree = "<group>"; };
		167D9AEB205AD10A008BF0CF /* Info.plist */ = {isa = PBXFileReference; lastKnownFileType = text.plist.xml; path = Info.plist; sourceTree = "<group>"; };
		167D9AF6205AD53D008BF0CF /* Question.swift */ = {isa = PBXFileReference; lastKnownFileType = sourcecode.swift; path = Question.swift; sourceTree = "<group>"; };
		167D9AF8205AD581008BF0CF /* QuestionChoice.swift */ = {isa = PBXFileReference; lastKnownFileType = sourcecode.swift; path = QuestionChoice.swift; sourceTree = "<group>"; };
		167D9AFA205AD820008BF0CF /* APIDAO.swift */ = {isa = PBXFileReference; fileEncoding = 4; lastKnownFileType = sourcecode.swift; path = APIDAO.swift; sourceTree = "<group>"; };
		167D9AFC205AD936008BF0CF /* QuestionsService.swift */ = {isa = PBXFileReference; lastKnownFileType = sourcecode.swift; path = QuestionsService.swift; sourceTree = "<group>"; };
		167D9AFF205ADB0F008BF0CF /* QuestionProtocol.swift */ = {isa = PBXFileReference; lastKnownFileType = sourcecode.swift; path = QuestionProtocol.swift; sourceTree = "<group>"; };
		167D9B03205AE22B008BF0CF /* EstudoMVPProtocol.swift */ = {isa = PBXFileReference; lastKnownFileType = sourcecode.swift; path = EstudoMVPProtocol.swift; sourceTree = "<group>"; };
		167D9B05205AE25C008BF0CF /* MainViewPresenter.swift */ = {isa = PBXFileReference; lastKnownFileType = sourcecode.swift; path = MainViewPresenter.swift; sourceTree = "<group>"; };
		167D9B07205AE9A3008BF0CF /* MainTableViewCell.swift */ = {isa = PBXFileReference; lastKnownFileType = sourcecode.swift; path = MainTableViewCell.swift; sourceTree = "<group>"; };
		167D9B09205B0E39008BF0CF /* ExpandableTableViewCell.swift */ = {isa = PBXFileReference; lastKnownFileType = sourcecode.swift; path = ExpandableTableViewCell.swift; sourceTree = "<group>"; };
		167D9B0B205B29F8008BF0CF /* DetailViewController.swift */ = {isa = PBXFileReference; lastKnownFileType = sourcecode.swift; path = DetailViewController.swift; sourceTree = "<group>"; };
/* End PBXFileReference section */

/* Begin PBXFrameworksBuildPhase section */
		167D9AD9205AD10A008BF0CF /* Frameworks */ = {
			isa = PBXFrameworksBuildPhase;
			buildActionMask = 2147483647;
			files = (
			);
			runOnlyForDeploymentPostprocessing = 0;
		};
/* End PBXFrameworksBuildPhase section */

/* Begin PBXGroup section */
		167D9AD3205AD10A008BF0CF = {
			isa = PBXGroup;
			children = (
				167D9ADE205AD10A008BF0CF /* EstudoMVP */,
				167D9ADD205AD10A008BF0CF /* Products */,
			);
			sourceTree = "<group>";
		};
		167D9ADD205AD10A008BF0CF /* Products */ = {
			isa = PBXGroup;
			children = (
				167D9ADC205AD10A008BF0CF /* EstudoMVP.app */,
			);
			name = Products;
			sourceTree = "<group>";
		};
		167D9ADE205AD10A008BF0CF /* EstudoMVP */ = {
			isa = PBXGroup;
			children = (
				167D9B02205AE211008BF0CF /* Protocol */,
				167D9AF3205AD40B008BF0CF /* Presenter */,
				167D9AF2205AD405008BF0CF /* View */,
				167D9AF1205AD3FD008BF0CF /* Model */,
				167D9ADF205AD10A008BF0CF /* AppDelegate.swift */,
				167D9AE6205AD10A008BF0CF /* Assets.xcassets */,
				167D9AE8205AD10A008BF0CF /* LaunchScreen.storyboard */,
				167D9AEB205AD10A008BF0CF /* Info.plist */,
			);
			path = EstudoMVP;
			sourceTree = "<group>";
		};
		167D9AF1205AD3FD008BF0CF /* Model */ = {
			isa = PBXGroup;
			children = (
				167D9B01205ADB82008BF0CF /* VO */,
				167D9AFE205ADAF9008BF0CF /* Protocol */,
				167D9AFA205AD820008BF0CF /* APIDAO.swift */,
				167D9AFC205AD936008BF0CF /* QuestionsService.swift */,
			);
			path = Model;
			sourceTree = "<group>";
		};
		167D9AF2205AD405008BF0CF /* View */ = {
			isa = PBXGroup;
			children = (
				167D9AE3205AD10A008BF0CF /* Main.storyboard */,
				167D9AE1205AD10A008BF0CF /* MainViewController.swift */,
				167D9B07205AE9A3008BF0CF /* MainTableViewCell.swift */,
				167D9B09205B0E39008BF0CF /* ExpandableTableViewCell.swift */,
				167D9B0B205B29F8008BF0CF /* DetailViewController.swift */,
			);
			path = View;
			sourceTree = "<group>";
		};
		167D9AF3205AD40B008BF0CF /* Presenter */ = {
			isa = PBXGroup;
			children = (
				167D9B05205AE25C008BF0CF /* MainViewPresenter.swift */,
			);
			path = Presenter;
			sourceTree = "<group>";
		};
		167D9AFE205ADAF9008BF0CF /* Protocol */ = {
			isa = PBXGroup;
			children = (
				167D9AFF205ADB0F008BF0CF /* QuestionProtocol.swift */,
			);
			path = Protocol;
			sourceTree = "<group>";
		};
		167D9B01205ADB82008BF0CF /* VO */ = {
			isa = PBXGroup;
			children = (
				167D9AF8205AD581008BF0CF /* QuestionChoice.swift */,
				167D9AF6205AD53D008BF0CF /* Question.swift */,
			);
			path = VO;
			sourceTree = "<group>";
		};
		167D9B02205AE211008BF0CF /* Protocol */ = {
			isa = PBXGroup;
			children = (
				167D9B03205AE22B008BF0CF /* EstudoMVPProtocol.swift */,
			);
			path = Protocol;
			sourceTree = "<group>";
		};
/* End PBXGroup section */

/* Begin PBXNativeTarget section */
		167D9ADB205AD10A008BF0CF /* EstudoMVP */ = {
			isa = PBXNativeTarget;
			buildConfigurationList = 167D9AEE205AD10A008BF0CF /* Build configuration list for PBXNativeTarget "EstudoMVP" */;
			buildPhases = (
				167D9AD8205AD10A008BF0CF /* Sources */,
				167D9AD9205AD10A008BF0CF /* Frameworks */,
				167D9ADA205AD10A008BF0CF /* Resources */,
			);
			buildRules = (
			);
			dependencies = (
			);
			name = EstudoMVP;
			productName = EstudoMVP;
			productReference = 167D9ADC205AD10A008BF0CF /* EstudoMVP.app */;
			productType = "com.apple.product-type.application";
		};
/* End PBXNativeTarget section */

/* Begin PBXProject section */
		167D9AD4205AD10A008BF0CF /* Project object */ = {
			isa = PBXProject;
			attributes = {
				LastSwiftUpdateCheck = 0920;
				LastUpgradeCheck = 0920;
				ORGANIZATIONNAME = "Lucas Santos";
				TargetAttributes = {
					167D9ADB205AD10A008BF0CF = {
						CreatedOnToolsVersion = 9.2;
						ProvisioningStyle = Automatic;
					};
				};
			};
			buildConfigurationList = 167D9AD7205AD10A008BF0CF /* Build configuration list for PBXProject "EstudoMVP" */;
			compatibilityVersion = "Xcode 8.0";
			developmentRegion = en;
			hasScannedForEncodings = 0;
			knownRegions = (
				en,
				Base,
			);
			mainGroup = 167D9AD3205AD10A008BF0CF;
			productRefGroup = 167D9ADD205AD10A008BF0CF /* Products */;
			projectDirPath = "";
			projectRoot = "";
			targets = (
				167D9ADB205AD10A008BF0CF /* EstudoMVP */,
			);
		};
/* End PBXProject section */

/* Begin PBXResourcesBuildPhase section */
		167D9ADA205AD10A008BF0CF /* Resources */ = {
			isa = PBXResourcesBuildPhase;
			buildActionMask = 2147483647;
			files = (
				167D9AEA205AD10A008BF0CF /* LaunchScreen.storyboard in Resources */,
				167D9AE7205AD10A008BF0CF /* Assets.xcassets in Resources */,
				167D9AE5205AD10A008BF0CF /* Main.storyboard in Resources */,
			);
			runOnlyForDeploymentPostprocessing = 0;
		};
/* End PBXResourcesBuildPhase section */

/* Begin PBXSourcesBuildPhase section */
		167D9AD8205AD10A008BF0CF /* Sources */ = {
			isa = PBXSourcesBuildPhase;
			buildActionMask = 2147483647;
			files = (
				167D9AE2205AD10A008BF0CF /* MainViewController.swift in Sources */,
				167D9AF7205AD53D008BF0CF /* Question.swift in Sources */,
				167D9B0A205B0E39008BF0CF /* ExpandableTableViewCell.swift in Sources */,
				167D9B0C205B29F8008BF0CF /* DetailViewController.swift in Sources */,
				167D9B00205ADB0F008BF0CF /* QuestionProtocol.swift in Sources */,
				167D9B04205AE22B008BF0CF /* EstudoMVPProtocol.swift in Sources */,
				167D9B08205AE9A3008BF0CF /* MainTableViewCell.swift in Sources */,
				167D9AE0205AD10A008BF0CF /* AppDelegate.swift in Sources */,
				167D9AFD205AD936008BF0CF /* QuestionsService.swift in Sources */,
				167D9AF9205AD581008BF0CF /* QuestionChoice.swift in Sources */,
				167D9AFB205AD820008BF0CF /* APIDAO.swift in Sources */,
				167D9B06205AE25C008BF0CF /* MainViewPresenter.swift in Sources */,
			);
			runOnlyForDeploymentPostprocessing = 0;
		};
/* End PBXSourcesBuildPhase section */

/* Begin PBXVariantGroup section */
		167D9AE3205AD10A008BF0CF /* Main.storyboard */ = {
			isa = PBXVariantGroup;
			children = (
				167D9AE4205AD10A008BF0CF /* Base */,
			);
			name = Main.storyboard;
			sourceTree = "<group>";
		};
		167D9AE8205AD10A008BF0CF /* LaunchScreen.storyboard */ = {
			isa = PBXVariantGroup;
			children = (
				167D9AE9205AD10A008BF0CF /* Base */,
			);
			name = LaunchScreen.storyboard;
			sourceTree = "<group>";
		};
/* End PBXVariantGroup section */

/* Begin XCBuildConfiguration section */
		167D9AEC205AD10A008BF0CF /* Debug */ = {
			isa = XCBuildConfiguration;
			buildSettings = {
				ALWAYS_SEARCH_USER_PATHS = NO;
				CLANG_ANALYZER_NONNULL = YES;
				CLANG_ANALYZER_NUMBER_OBJECT_CONVERSION = YES_AGGRESSIVE;
				CLANG_CXX_LANGUAGE_STANDARD = "gnu++14";
				CLANG_CXX_LIBRARY = "libc++";
				CLANG_ENABLE_MODULES = YES;
				CLANG_ENABLE_OBJC_ARC = YES;
				CLANG_WARN_BLOCK_CAPTURE_AUTORELEASING = YES;
				CLANG_WARN_BOOL_CONVERSION = YES;
				CLANG_WARN_COMMA = YES;
				CLANG_WARN_CONSTANT_CONVERSION = YES;
				CLANG_WARN_DIRECT_OBJC_ISA_USAGE = YES_ERROR;
				CLANG_WARN_DOCUMENTATION_COMMENTS = YES;
				CLANG_WARN_EMPTY_BODY = YES;
				CLANG_WARN_ENUM_CONVERSION = YES;
				CLANG_WARN_INFINITE_RECURSION = YES;
				CLANG_WARN_INT_CONVERSION = YES;
				CLANG_WARN_NON_LITERAL_NULL_CONVERSION = YES;
				CLANG_WARN_OBJC_LITERAL_CONVERSION = YES;
				CLANG_WARN_OBJC_ROOT_CLASS = YES_ERROR;
				CLANG_WARN_RANGE_LOOP_ANALYSIS = YES;
				CLANG_WARN_STRICT_PROTOTYPES = YES;
				CLANG_WARN_SUSPICIOUS_MOVE = YES;
				CLANG_WARN_UNGUARDED_AVAILABILITY = YES_AGGRESSIVE;
				CLANG_WARN_UNREACHABLE_CODE = YES;
				CLANG_WARN__DUPLICATE_METHOD_MATCH = YES;
				CODE_SIGN_IDENTITY = "iPhone Developer";
				COPY_PHASE_STRIP = NO;
				DEBUG_INFORMATION_FORMAT = dwarf;
				ENABLE_STRICT_OBJC_MSGSEND = YES;
				ENABLE_TESTABILITY = YES;
				GCC_C_LANGUAGE_STANDARD = gnu11;
				GCC_DYNAMIC_NO_PIC = NO;
				GCC_NO_COMMON_BLOCKS = YES;
				GCC_OPTIMIZATION_LEVEL = 0;
				GCC_PREPROCESSOR_DEFINITIONS = (
					"DEBUG=1",
					"$(inherited)",
				);
				GCC_WARN_64_TO_32_BIT_CONVERSION = YES;
				GCC_WARN_ABOUT_RETURN_TYPE = YES_ERROR;
				GCC_WARN_UNDECLARED_SELECTOR = YES;
				GCC_WARN_UNINITIALIZED_AUTOS = YES_AGGRESSIVE;
				GCC_WARN_UNUSED_FUNCTION = YES;
				GCC_WARN_UNUSED_VARIABLE = YES;
				IPHONEOS_DEPLOYMENT_TARGET = 11.2;
				MTL_ENABLE_DEBUG_INFO = YES;
				ONLY_ACTIVE_ARCH = YES;
				SDKROOT = iphoneos;
				SWIFT_ACTIVE_COMPILATION_CONDITIONS = DEBUG;
				SWIFT_OPTIMIZATION_LEVEL = "-Onone";
			};
			name = Debug;
		};
		167D9AED205AD10A008BF0CF /* Release */ = {
			isa = XCBuildConfiguration;
			buildSettings = {
				ALWAYS_SEARCH_USER_PATHS = NO;
				CLANG_ANALYZER_NONNULL = YES;
				CLANG_ANALYZER_NUMBER_OBJECT_CONVERSION = YES_AGGRESSIVE;
				CLANG_CXX_LANGUAGE_STANDARD = "gnu++14";
				CLANG_CXX_LIBRARY = "libc++";
				CLANG_ENABLE_MODULES = YES;
				CLANG_ENABLE_OBJC_ARC = YES;
				CLANG_WARN_BLOCK_CAPTURE_AUTORELEASING = YES;
				CLANG_WARN_BOOL_CONVERSION = YES;
				CLANG_WARN_COMMA = YES;
				CLANG_WARN_CONSTANT_CONVERSION = YES;
				CLANG_WARN_DIRECT_OBJC_ISA_USAGE = YES_ERROR;
				CLANG_WARN_DOCUMENTATION_COMMENTS = YES;
				CLANG_WARN_EMPTY_BODY = YES;
				CLANG_WARN_ENUM_CONVERSION = YES;
				CLANG_WARN_INFINITE_RECURSION = YES;
				CLANG_WARN_INT_CONVERSION = YES;
				CLANG_WARN_NON_LITERAL_NULL_CONVERSION = YES;
				CLANG_WARN_OBJC_LITERAL_CONVERSION = YES;
				CLANG_WARN_OBJC_ROOT_CLASS = YES_ERROR;
				CLANG_WARN_RANGE_LOOP_ANALYSIS = YES;
				CLANG_WARN_STRICT_PROTOTYPES = YES;
				CLANG_WARN_SUSPICIOUS_MOVE = YES;
				CLANG_WARN_UNGUARDED_AVAILABILITY = YES_AGGRESSIVE;
				CLANG_WARN_UNREACHABLE_CODE = YES;
				CLANG_WARN__DUPLICATE_METHOD_MATCH = YES;
				CODE_SIGN_IDENTITY = "iPhone Developer";
				COPY_PHASE_STRIP = NO;
				DEBUG_INFORMATION_FORMAT = "dwarf-with-dsym";
				ENABLE_NS_ASSERTIONS = NO;
				ENABLE_STRICT_OBJC_MSGSEND = YES;
				GCC_C_LANGUAGE_STANDARD = gnu11;
				GCC_NO_COMMON_BLOCKS = YES;
				GCC_WARN_64_TO_32_BIT_CONVERSION = YES;
				GCC_WARN_ABOUT_RETURN_TYPE = YES_ERROR;
				GCC_WARN_UNDECLARED_SELECTOR = YES;
				GCC_WARN_UNINITIALIZED_AUTOS = YES_AGGRESSIVE;
				GCC_WARN_UNUSED_FUNCTION = YES;
				GCC_WARN_UNUSED_VARIABLE = YES;
				IPHONEOS_DEPLOYMENT_TARGET = 11.2;
				MTL_ENABLE_DEBUG_INFO = NO;
				SDKROOT = iphoneos;
				SWIFT_OPTIMIZATION_LEVEL = "-Owholemodule";
				VALIDATE_PRODUCT = YES;
			};
			name = Release;
		};
		167D9AEF205AD10A008BF0CF /* Debug */ = {
			isa = XCBuildConfiguration;
			buildSettings = {
				ASSETCATALOG_COMPILER_APPICON_NAME = AppIcon;
				CODE_SIGN_STYLE = Automatic;
				DEVELOPMENT_TEAM = 52GWRD8UZZ;
				INFOPLIST_FILE = EstudoMVP/Info.plist;
				LD_RUNPATH_SEARCH_PATHS = "$(inherited) @executable_path/Frameworks";
				PRODUCT_BUNDLE_IDENTIFIER = lucasSantos.EstudoMVP;
				PRODUCT_NAME = "$(TARGET_NAME)";
				SWIFT_VERSION = 4.0;
				TARGETED_DEVICE_FAMILY = "1,2";
			};
			name = Debug;
		};
		167D9AF0205AD10A008BF0CF /* Release */ = {
			isa = XCBuildConfiguration;
			buildSettings = {
				ASSETCATALOG_COMPILER_APPICON_NAME = AppIcon;
				CODE_SIGN_STYLE = Automatic;
				DEVELOPMENT_TEAM = 52GWRD8UZZ;
				INFOPLIST_FILE = EstudoMVP/Info.plist;
				LD_RUNPATH_SEARCH_PATHS = "$(inherited) @executable_path/Frameworks";
				PRODUCT_BUNDLE_IDENTIFIER = lucasSantos.EstudoMVP;
				PRODUCT_NAME = "$(TARGET_NAME)";
				SWIFT_VERSION = 4.0;
				TARGETED_DEVICE_FAMILY = "1,2";
			};
			name = Release;
		};
/* End XCBuildConfiguration section */

/* Begin XCConfigurationList section */
		167D9AD7205AD10A008BF0CF /* Build configuration list for PBXProject "EstudoMVP" */ = {
			isa = XCConfigurationList;
			buildConfigurations = (
				167D9AEC205AD10A008BF0CF /* Debug */,
				167D9AED205AD10A008BF0CF /* Release */,
			);
			defaultConfigurationIsVisible = 0;
			defaultConfigurationName = Release;
		};
		167D9AEE205AD10A008BF0CF /* Build configuration list for PBXNativeTarget "EstudoMVP" */ = {
			isa = XCConfigurationList;
			buildConfigurations = (
				167D9AEF205AD10A008BF0CF /* Debug */,
				167D9AF0205AD10A008BF0CF /* Release */,
			);
			defaultConfigurationIsVisible = 0;
			defaultConfigurationName = Release;
		};
/* End XCConfigurationList section */
	};
	rootObject = 167D9AD4205AD10A008BF0CF /* Project object */;
}
